# This file is automatically @generated by Cargo.
# It is not intended for manual editing.
version = 3

[[package]]
name = "graph"
version = "0.1.0"
dependencies = [
 "umod",
]

[[package]]
name = "kernel"
version = "0.1.0"
dependencies = [
 "graph",
 "llm",
 "umdl",
 "umod",
]

[[package]]
name = "llm"
version = "0.1.0"
dependencies = [
 "umdl",
]

[[package]]
name = "umdl"
version = "0.1.0"

[[package]]
name = "umod"
version = "0.1.0"
